// !$*UTF8*$!
{
	archiveVersion = 1;
	classes = {
	};
	objectVersion = 50;
	objects = {

/* Begin PBXBuildFile section */
		4A38CD684D31E2B3307430E6 /* Pods_CircleAnimationLibraryTest.framework in Frameworks */ = {isa = PBXBuildFile; fileRef = 3ED5BE7CBACC58F99D9C3BBB /* Pods_CircleAnimationLibraryTest.framework */; };
		95E202732485E7DA0043A7BB /* AppDelegate.swift in Sources */ = {isa = PBXBuildFile; fileRef = 95E202722485E7DA0043A7BB /* AppDelegate.swift */; };
		95E202752485E7DA0043A7BB /* SceneDelegate.swift in Sources */ = {isa = PBXBuildFile; fileRef = 95E202742485E7DA0043A7BB /* SceneDelegate.swift */; };
		95E202772485E7DA0043A7BB /* ViewController.swift in Sources */ = {isa = PBXBuildFile; fileRef = 95E202762485E7DA0043A7BB /* ViewController.swift */; };
		95E2027A2485E7DA0043A7BB /* Main.storyboard in Resources */ = {isa = PBXBuildFile; fileRef = 95E202782485E7DA0043A7BB /* Main.storyboard */; };
		95E2027C2485E7DD0043A7BB /* Assets.xcassets in Resources */ = {isa = PBXBuildFile; fileRef = 95E2027B2485E7DD0043A7BB /* Assets.xcassets */; };
		95E2027F2485E7DD0043A7BB /* LaunchScreen.storyboard in Resources */ = {isa = PBXBuildFile; fileRef = 95E2027D2485E7DD0043A7BB /* LaunchScreen.storyboard */; };
/* End PBXBuildFile section */

/* Begin PBXFileReference section */
		3ACB3A80C51637FF99E156DD /* Pods-CircleAnimationLibraryTest.release.xcconfig */ = {isa = PBXFileReference; includeInIndex = 1; lastKnownFileType = text.xcconfig; name = "Pods-CircleAnimationLibraryTest.release.xcconfig"; path = "Target Support Files/Pods-CircleAnimationLibraryTest/Pods-CircleAnimationLibraryTest.release.xcconfig"; sourceTree = "<group>"; };
		3CA9AB0B9A7519594E04A5BC /* Pods-CircleAnimationLibraryTest.debug.xcconfig */ = {isa = PBXFileReference; includeInIndex = 1; lastKnownFileType = text.xcconfig; name = "Pods-CircleAnimationLibraryTest.debug.xcconfig"; path = "Target Support Files/Pods-CircleAnimationLibraryTest/Pods-CircleAnimationLibraryTest.debug.xcconfig"; sourceTree = "<group>"; };
		3ED5BE7CBACC58F99D9C3BBB /* Pods_CircleAnimationLibraryTest.framework */ = {isa = PBXFileReference; explicitFileType = wrapper.framework; includeInIndex = 0; path = Pods_CircleAnimationLibraryTest.framework; sourceTree = BUILT_PRODUCTS_DIR; };
		95E2026F2485E7DA0043A7BB /* CircleAnimationLibraryTest.app */ = {isa = PBXFileReference; explicitFileType = wrapper.application; includeInIndex = 0; path = CircleAnimationLibraryTest.app; sourceTree = BUILT_PRODUCTS_DIR; };
		95E202722485E7DA0043A7BB /* AppDelegate.swift */ = {isa = PBXFileReference; lastKnownFileType = sourcecode.swift; path = AppDelegate.swift; sourceTree = "<group>"; };
		95E202742485E7DA0043A7BB /* SceneDelegate.swift */ = {isa = PBXFileReference; lastKnownFileType = sourcecode.swift; path = SceneDelegate.swift; sourceTree = "<group>"; };
		95E202762485E7DA0043A7BB /* ViewController.swift */ = {isa = PBXFileReference; lastKnownFileType = sourcecode.swift; path = ViewController.swift; sourceTree = "<group>"; };
		95E202792485E7DA0043A7BB /* Base */ = {isa = PBXFileReference; lastKnownFileType = file.storyboard; name = Base; path = Base.lproj/Main.storyboard; sourceTree = "<group>"; };
		95E2027B2485E7DD0043A7BB /* Assets.xcassets */ = {isa = PBXFileReference; lastKnownFileType = folder.assetcatalog; path = Assets.xcassets; sourceTree = "<group>"; };
		95E2027E2485E7DD0043A7BB /* Base */ = {isa = PBXFileReference; lastKnownFileType = file.storyboard; name = Base; path = Base.lproj/LaunchScreen.storyboard; sourceTree = "<group>"; };
		95E202802485E7DD0043A7BB /* Info.plist */ = {isa = PBXFileReference; lastKnownFileType = text.plist.xml; path = Info.plist; sourceTree = "<group>"; };
/* End PBXFileReference section */

/* Begin PBXFrameworksBuildPhase section */
		95E2026C2485E7DA0043A7BB /* Frameworks */ = {
			isa = PBXFrameworksBuildPhase;
			buildActionMask = 2147483647;
			files = (
				4A38CD684D31E2B3307430E6 /* Pods_CircleAnimationLibraryTest.framework in Frameworks */,
			);
			runOnlyForDeploymentPostprocessing = 0;
		};
/* End PBXFrameworksBuildPhase section */

/* Begin PBXGroup section */
		14CC7CD27B5E6682E48731BB /* Frameworks */ = {
			isa = PBXGroup;
			children = (
				3ED5BE7CBACC58F99D9C3BBB /* Pods_CircleAnimationLibraryTest.framework */,
			);
			name = Frameworks;
			sourceTree = "<group>";
		};
		7DFA4F339DAEEE109904EB72 /* Pods */ = {
			isa = PBXGroup;
			children = (
				3CA9AB0B9A7519594E04A5BC /* Pods-CircleAnimationLibraryTest.debug.xcconfig */,
				3ACB3A80C51637FF99E156DD /* Pods-CircleAnimationLibraryTest.release.xcconfig */,
			);
			name = Pods;
			path = Pods;
			sourceTree = "<group>";
		};
		95E202662485E7DA0043A7BB = {
			isa = PBXGroup;
			children = (
				95E202712485E7DA0043A7BB /* CircleAnimationLibraryTest */,
				95E202702485E7DA0043A7BB /* Products */,
				7DFA4F339DAEEE109904EB72 /* Pods */,
				14CC7CD27B5E6682E48731BB /* Frameworks */,
			);
			sourceTree = "<group>";
		};
		95E202702485E7DA0043A7BB /* Products */ = {
			isa = PBXGroup;
			children = (
				95E2026F2485E7DA0043A7BB /* CircleAnimationLibraryTest.app */,
			);
			name = Products;
			sourceTree = "<group>";
		};
		95E202712485E7DA0043A7BB /* CircleAnimationLibraryTest */ = {
			isa = PBXGroup;
			children = (
				95E202722485E7DA0043A7BB /* AppDelegate.swift */,
				95E202742485E7DA0043A7BB /* SceneDelegate.swift */,
				95E202762485E7DA0043A7BB /* ViewController.swift */,
				95E202782485E7DA0043A7BB /* Main.storyboard */,
				95E2027B2485E7DD0043A7BB /* Assets.xcassets */,
				95E2027D2485E7DD0043A7BB /* LaunchScreen.storyboard */,
				95E202802485E7DD0043A7BB /* Info.plist */,
			);
			path = CircleAnimationLibraryTest;
			sourceTree = "<group>";
		};
/* End PBXGroup section */

/* Begin PBXNativeTarget section */
		95E2026E2485E7DA0043A7BB /* CircleAnimationLibraryTest */ = {
			isa = PBXNativeTarget;
			buildConfigurationList = 95E202832485E7DD0043A7BB /* Build configuration list for PBXNativeTarget "CircleAnimationLibraryTest" */;
			buildPhases = (
				2038466F7F78474ED7B90257 /* [CP] Check Pods Manifest.lock */,
				95E2026B2485E7DA0043A7BB /* Sources */,
				95E2026C2485E7DA0043A7BB /* Frameworks */,
				95E2026D2485E7DA0043A7BB /* Resources */,
				D382A7FAA2275EC1BD579D50 /* [CP] Embed Pods Frameworks */,
			);
			buildRules = (
			);
			dependencies = (
			);
			name = CircleAnimationLibraryTest;
			productName = CircleAnimationLibraryTest;
			productReference = 95E2026F2485E7DA0043A7BB /* CircleAnimationLibraryTest.app */;
			productType = "com.apple.product-type.application";
		};
/* End PBXNativeTarget section */

/* Begin PBXProject section */
		95E202672485E7DA0043A7BB /* Project object */ = {
			isa = PBXProject;
			attributes = {
				LastSwiftUpdateCheck = 1140;
				LastUpgradeCheck = 1140;
				ORGANIZATIONNAME = "Yuki Shinohara";
				TargetAttributes = {
					95E2026E2485E7DA0043A7BB = {
						CreatedOnToolsVersion = 11.4;
					};
				};
			};
			buildConfigurationList = 95E2026A2485E7DA0043A7BB /* Build configuration list for PBXProject "CircleAnimationLibraryTest" */;
			compatibilityVersion = "Xcode 9.3";
			developmentRegion = en;
			hasScannedForEncodings = 0;
			knownRegions = (
				en,
				Base,
			);
			mainGroup = 95E202662485E7DA0043A7BB;
			productRefGroup = 95E202702485E7DA0043A7BB /* Products */;
			projectDirPath = "";
			projectRoot = "";
			targets = (
				95E2026E2485E7DA0043A7BB /* CircleAnimationLibraryTest */,
			);
		};
/* End PBXProject section */

/* Begin PBXResourcesBuildPhase section */
		95E2026D2485E7DA0043A7BB /* Resources */ = {
			isa = PBXResourcesBuildPhase;
			buildActionMask = 2147483647;
			files = (
				95E2027F2485E7DD0043A7BB /* LaunchScreen.storyboard in Resources */,
				95E2027C2485E7DD0043A7BB /* Assets.xcassets in Resources */,
				95E2027A2485E7DA0043A7BB /* Main.storyboard in Resources */,
			);
			runOnlyForDeploymentPostprocessing = 0;
		};
/* End PBXResourcesBuildPhase section */

/* Begin PBXShellScriptBuildPhase section */
		2038466F7F78474ED7B90257 /* [CP] Check Pods Manifest.lock */ = {
			isa = PBXShellScriptBuildPhase;
			buildActionMask = 2147483647;
			files = (
			);
			inputFileListPaths = (
			);
			inputPaths = (
				"${PODS_PODFILE_DIR_PATH}/Podfile.lock",
				"${PODS_ROOT}/Manifest.lock",
			);
			name = "[CP] Check Pods Manifest.lock";
			outputFileListPaths = (
			);
			outputPaths = (
				"$(DERIVED_FILE_DIR)/Pods-CircleAnimationLibraryTest-checkManifestLockResult.txt",
			);
			runOnlyForDeploymentPostprocessing = 0;
			shellPath = /bin/sh;
			shellScript = "diff \"${PODS_PODFILE_DIR_PATH}/Podfile.lock\" \"${PODS_ROOT}/Manifest.lock\" > /dev/null\nif [ $? != 0 ] ; then\n    # print error to STDERR\n    echo \"error: The sandbox is not in sync with the Podfile.lock. Run 'pod install' or update your CocoaPods installation.\" >&2\n    exit 1\nfi\n# This output is used by Xcode 'outputs' to avoid re-running this script phase.\necho \"SUCCESS\" > \"${SCRIPT_OUTPUT_FILE_0}\"\n";
			showEnvVarsInLog = 0;
		};
		D382A7FAA2275EC1BD579D50 /* [CP] Embed Pods Frameworks */ = {
			isa = PBXShellScriptBuildPhase;
			buildActionMask = 2147483647;
			files = (
			);
			inputFileListPaths = (
				"${PODS_ROOT}/Target Support Files/Pods-CircleAnimationLibraryTest/Pods-CircleAnimationLibraryTest-frameworks-${CONFIGURATION}-input-files.xcfilelist",
			);
			name = "[CP] Embed Pods Frameworks";
			outputFileListPaths = (
				"${PODS_ROOT}/Target Support Files/Pods-CircleAnimationLibraryTest/Pods-CircleAnimationLibraryTest-frameworks-${CONFIGURATION}-output-files.xcfilelist",
			);
			runOnlyForDeploymentPostprocessing = 0;
			shellPath = /bin/sh;
			shellScript = "\"${PODS_ROOT}/Target Support Files/Pods-CircleAnimationLibraryTest/Pods-CircleAnimationLibraryTest-frameworks.sh\"\n";
			showEnvVarsInLog = 0;
		};
/* End PBXShellScriptBuildPhase section */

/* Begin PBXSourcesBuildPhase section */
		95E2026B2485E7DA0043A7BB /* Sources */ = {
			isa = PBXSourcesBuildPhase;
			buildActionMask = 2147483647;
			files = (
				95E202772485E7DA0043A7BB /* ViewController.swift in Sources */,
				95E202732485E7DA0043A7BB /* AppDelegate.swift in Sources */,
				95E202752485E7DA0043A7BB /* SceneDelegate.swift in Sources */,
			);
			runOnlyForDeploymentPostprocessing = 0;
		};
/* End PBXSourcesBuildPhase section */

/* Begin PBXVariantGroup section */
		95E202782485E7DA0043A7BB /* Main.storyboard */ = {
			isa = PBXVariantGroup;
			children = (
				95E202792485E7DA0043A7BB /* Base */,
			);
			name = Main.storyboard;
			sourceTree = "<group>";
		};
		95E2027D2485E7DD0043A7BB /* LaunchScreen.storyboard */ = {
			isa = PBXVariantGroup;
			children = (
				95E2027E2485E7DD0043A7BB /* Base */,
			);
			name = LaunchScreen.storyboard;
			sourceTree = "<group>";
		};
/* End PBXVariantGroup section */

/* Begin XCBuildConfiguration section */
		95E202812485E7DD0043A7BB /* Debug */ = {
			isa = XCBuildConfiguration;
			buildSettings = {
				ALWAYS_SEARCH_USER_PATHS = NO;
				CLANG_ANALYZER_NONNULL = YES;
				CLANG_ANALYZER_NUMBER_OBJECT_CONVERSION = YES_AGGRESSIVE;
				CLANG_CXX_LANGUAGE_STANDARD = "gnu++14";
				CLANG_CXX_LIBRARY = "libc++";
				CLANG_ENABLE_MODULES = YES;
				CLANG_ENABLE_OBJC_ARC = YES;
				CLANG_ENABLE_OBJC_WEAK = YES;
				CLANG_WARN_BLOCK_CAPTURE_AUTORELEASING = YES;
				CLANG_WARN_BOOL_CONVERSION = YES;
				CLANG_WARN_COMMA = YES;
				CLANG_WARN_CONSTANT_CONVERSION = YES;
				CLANG_WARN_DEPRECATED_OBJC_IMPLEMENTATIONS = YES;
				CLANG_WARN_DIRECT_OBJC_ISA_USAGE = YES_ERROR;
				CLANG_WARN_DOCUMENTATION_COMMENTS = YES;
				CLANG_WARN_EMPTY_BODY = YES;
				CLANG_WARN_ENUM_CONVERSION = YES;
				CLANG_WARN_INFINITE_RECURSION = YES;
				CLANG_WARN_INT_CONVERSION = YES;
				CLANG_WARN_NON_LITERAL_NULL_CONVERSION = YES;
				CLANG_WARN_OBJC_IMPLICIT_RETAIN_SELF = YES;
				CLANG_WARN_OBJC_LITERAL_CONVERSION = YES;
				CLANG_WARN_OBJC_ROOT_CLASS = YES_ERROR;
				CLANG_WARN_RANGE_LOOP_ANALYSIS = YES;
				CLANG_WARN_STRICT_PROTOTYPES = YES;
				CLANG_WARN_SUSPICIOUS_MOVE = YES;
				CLANG_WARN_UNGUARDED_AVAILABILITY = YES_AGGRESSIVE;
				CLANG_WARN_UNREACHABLE_CODE = YES;
				CLANG_WARN__DUPLICATE_METHOD_MATCH = YES;
				COPY_PHASE_STRIP = NO;
				DEBUG_INFORMATION_FORMAT = dwarf;
				ENABLE_STRICT_OBJC_MSGSEND = YES;
				ENABLE_TESTABILITY = YES;
				GCC_C_LANGUAGE_STANDARD = gnu11;
				GCC_DYNAMIC_NO_PIC = NO;
				GCC_NO_COMMON_BLOCKS = YES;
				GCC_OPTIMIZATION_LEVEL = 0;
				GCC_PREPROCESSOR_DEFINITIONS = (
					"DEBUG=1",
					"$(inherited)",
				);
				GCC_WARN_64_TO_32_BIT_CONVERSION = YES;
				GCC_WARN_ABOUT_RETURN_TYPE = YES_ERROR;
				GCC_WARN_UNDECLARED_SELECTOR = YES;
				GCC_WARN_UNINITIALIZED_AUTOS = YES_AGGRESSIVE;
				GCC_WARN_UNUSED_FUNCTION = YES;
				GCC_WARN_UNUSED_VARIABLE = YES;
				IPHONEOS_DEPLOYMENT_TARGET = 13.4;
				MTL_ENABLE_DEBUG_INFO = INCLUDE_SOURCE;
				MTL_FAST_MATH = YES;
				ONLY_ACTIVE_ARCH = YES;
				SDKROOT = iphoneos;
				SWIFT_ACTIVE_COMPILATION_CONDITIONS = DEBUG;
				SWIFT_OPTIMIZATION_LEVEL = "-Onone";
			};
			name = Debug;
		};
		95E202822485E7DD0043A7BB /* Release */ = {
			isa = XCBuildConfiguration;
			buildSettings = {
				ALWAYS_SEARCH_USER_PATHS = NO;
				CLANG_ANALYZER_NONNULL = YES;
				CLANG_ANALYZER_NUMBER_OBJECT_CONVERSION = YES_AGGRESSIVE;
				CLANG_CXX_LANGUAGE_STANDARD = "gnu++14";
				CLANG_CXX_LIBRARY = "libc++";
				CLANG_ENABLE_MODULES = YES;
				CLANG_ENABLE_OBJC_ARC = YES;
				CLANG_ENABLE_OBJC_WEAK = YES;
				CLANG_WARN_BLOCK_CAPTURE_AUTORELEASING = YES;
				CLANG_WARN_BOOL_CONVERSION = YES;
				CLANG_WARN_COMMA = YES;
				CLANG_WARN_CONSTANT_CONVERSION = YES;
				CLANG_WARN_DEPRECATED_OBJC_IMPLEMENTATIONS = YES;
				CLANG_WARN_DIRECT_OBJC_ISA_USAGE = YES_ERROR;
				CLANG_WARN_DOCUMENTATION_COMMENTS = YES;
				CLANG_WARN_EMPTY_BODY = YES;
				CLANG_WARN_ENUM_CONVERSION = YES;
				CLANG_WARN_INFINITE_RECURSION = YES;
				CLANG_WARN_INT_CONVERSION = YES;
				CLANG_WARN_NON_LITERAL_NULL_CONVERSION = YES;
				CLANG_WARN_OBJC_IMPLICIT_RETAIN_SELF = YES;
				CLANG_WARN_OBJC_LITERAL_CONVERSION = YES;
				CLANG_WARN_OBJC_ROOT_CLASS = YES_ERROR;
				CLANG_WARN_RANGE_LOOP_ANALYSIS = YES;
				CLANG_WARN_STRICT_PROTOTYPES = YES;
				CLANG_WARN_SUSPICIOUS_MOVE = YES;
				CLANG_WARN_UNGUARDED_AVAILABILITY = YES_AGGRESSIVE;
				CLANG_WARN_UNREACHABLE_CODE = YES;
				CLANG_WARN__DUPLICATE_METHOD_MATCH = YES;
				COPY_PHASE_STRIP = NO;
				DEBUG_INFORMATION_FORMAT = "dwarf-with-dsym";
				ENABLE_NS_ASSERTIONS = NO;
				ENABLE_STRICT_OBJC_MSGSEND = YES;
				GCC_C_LANGUAGE_STANDARD = gnu11;
				GCC_NO_COMMON_BLOCKS = YES;
				GCC_WARN_64_TO_32_BIT_CONVERSION = YES;
				GCC_WARN_ABOUT_RETURN_TYPE = YES_ERROR;
				GCC_WARN_UNDECLARED_SELECTOR = YES;
				GCC_WARN_UNINITIALIZED_AUTOS = YES_AGGRESSIVE;
				GCC_WARN_UNUSED_FUNCTION = YES;
				GCC_WARN_UNUSED_VARIABLE = YES;
				IPHONEOS_DEPLOYMENT_TARGET = 13.4;
				MTL_ENABLE_DEBUG_INFO = NO;
				MTL_FAST_MATH = YES;
				SDKROOT = iphoneos;
				SWIFT_COMPILATION_MODE = wholemodule;
				SWIFT_OPTIMIZATION_LEVEL = "-O";
				VALIDATE_PRODUCT = YES;
			};
			name = Release;
		};
		95E202842485E7DD0043A7BB /* Debug */ = {
			isa = XCBuildConfiguration;
			baseConfigurationReference = 3CA9AB0B9A7519594E04A5BC /* Pods-CircleAnimationLibraryTest.debug.xcconfig */;
			buildSettings = {
				ASSETCATALOG_COMPILER_APPICON_NAME = AppIcon;
				CODE_SIGN_STYLE = Automatic;
				DEVELOPMENT_TEAM = 7RFPAQ2NAA;
				INFOPLIST_FILE = CircleAnimationLibraryTest/Info.plist;
				LD_RUNPATH_SEARCH_PATHS = (
					"$(inherited)",
					"@executable_path/Frameworks",
				);
				PRODUCT_BUNDLE_IDENTIFIER = com.shino.CircleAnimationLibraryTest;
				PRODUCT_NAME = "$(TARGET_NAME)";
				SWIFT_VERSION = 5.0;
				TARGETED_DEVICE_FAMILY = "1,2";
			};
			name = Debug;
		};
		95E202852485E7DD0043A7BB /* Release */ = {
			isa = XCBuildConfiguration;
			baseConfigurationReference = 3ACB3A80C51637FF99E156DD /* Pods-CircleAnimationLibraryTest.release.xcconfig */;
			buildSettings = {
				ASSETCATALOG_COMPILER_APPICON_NAME = AppIcon;
				CODE_SIGN_STYLE = Automatic;
				DEVELOPMENT_TEAM = 7RFPAQ2NAA;
				INFOPLIST_FILE = CircleAnimationLibraryTest/Info.plist;
				LD_RUNPATH_SEARCH_PATHS = (
					"$(inherited)",
					"@executable_path/Frameworks",
				);
				PRODUCT_BUNDLE_IDENTIFIER = com.shino.CircleAnimationLibraryTest;
				PRODUCT_NAME = "$(TARGET_NAME)";
				SWIFT_VERSION = 5.0;
				TARGETED_DEVICE_FAMILY = "1,2";
			};
			name = Release;
		};
/* End XCBuildConfiguration section */

/* Begin XCConfigurationList section */
		95E2026A2485E7DA0043A7BB /* Build configuration list for PBXProject "CircleAnimationLibraryTest" */ = {
			isa = XCConfigurationList;
			buildConfigurations = (
				95E202812485E7DD0043A7BB /* Debug */,
				95E202822485E7DD0043A7BB /* Release */,
			);
			defaultConfigurationIsVisible = 0;
			defaultConfigurationName = Release;
		};
		95E202832485E7DD0043A7BB /* Build configuration list for PBXNativeTarget "CircleAnimationLibraryTest" */ = {
			isa = XCConfigurationList;
			buildConfigurations = (
				95E202842485E7DD0043A7BB /* Debug */,
				95E202852485E7DD0043A7BB /* Release */,
			);
			defaultConfigurationIsVisible = 0;
			defaultConfigurationName = Release;
		};
/* End XCConfigurationList section */
	};
	rootObject = 95E202672485E7DA0043A7BB /* Project object */;
}
